
Microsoft Visual Studio Solution File, Format Version 12.00
# Visual Studio Version 17
VisualStudioVersion = 17.10.35027.167
MinimumVisualStudioVersion = 10.0.40219.1
Project("{FAE04EC0-301F-11D3-BF4B-00C04F79EFBC}") = "VendasDDD", "VendasDDD\VendasDDD.csproj", "{0FD3842B-D254-47D0-9736-90361E316751}"
EndProject
Project("{FAE04EC0-301F-11D3-BF4B-00C04F79EFBC}") = "Vendas.Core", "Vendas.Core\Vendas.Core.csproj", "{1511D961-80F0-4B7E-A4FC-696213ABD159}"
EndProject
Project("{FAE04EC0-301F-11D3-BF4B-00C04F79EFBC}") = "Vendas.Infrastructure", "Vendas.Infrastructure\Vendas.Infrastructure.csproj", "{EA69A92A-8310-4573-A2E8-FF559EE6549B}"
EndProject
Project("{FAE04EC0-301F-11D3-BF4B-00C04F79EFBC}") = "Vendas.Tests", "Vendas.Tests\Vendas.Tests.csproj", "{7542CD11-294A-4D46-9795-56357B72383B}"
EndProject
Global
	GlobalSection(SolutionConfigurationPlatforms) = preSolution
		Debug|Any CPU = Debug|Any CPU
		Release|Any CPU = Release|Any CPU
	EndGlobalSection
	GlobalSection(ProjectConfigurationPlatforms) = postSolution
		{0FD3842B-D254-47D0-9736-90361E316751}.Debug|Any CPU.ActiveCfg = Debug|Any CPU
		{0FD3842B-D254-47D0-9736-90361E316751}.Debug|Any CPU.Build.0 = Debug|Any CPU
		{0FD3842B-D254-47D0-9736-90361E316751}.Release|Any CPU.ActiveCfg = Release|Any CPU
		{0FD3842B-D254-47D0-9736-90361E316751}.Release|Any CPU.Build.0 = Release|Any CPU
		{1511D961-80F0-4B7E-A4FC-696213ABD159}.Debug|Any CPU.ActiveCfg = Debug|Any CPU
		{1511D961-80F0-4B7E-A4FC-696213ABD159}.Debug|Any CPU.Build.0 = Debug|Any CPU
		{1511D961-80F0-4B7E-A4FC-696213ABD159}.Release|Any CPU.ActiveCfg = Release|Any CPU
		{1511D961-80F0-4B7E-A4FC-696213ABD159}.Release|Any CPU.Build.0 = Release|Any CPU
		{EA69A92A-8310-4573-A2E8-FF559EE6549B}.Debug|Any CPU.ActiveCfg = Debug|Any CPU
		{EA69A92A-8310-4573-A2E8-FF559EE6549B}.Debug|Any CPU.Build.0 = Debug|Any CPU
		{EA69A92A-8310-4573-A2E8-FF559EE6549B}.Release|Any CPU.ActiveCfg = Release|Any CPU
		{EA69A92A-8310-4573-A2E8-FF559EE6549B}.Release|Any CPU.Build.0 = Release|Any CPU
		{7542CD11-294A-4D46-9795-56357B72383B}.Debug|Any CPU.ActiveCfg = Debug|Any CPU
		{7542CD11-294A-4D46-9795-56357B72383B}.Debug|Any CPU.Build.0 = Debug|Any CPU
		{7542CD11-294A-4D46-9795-56357B72383B}.Release|Any CPU.ActiveCfg = Release|Any CPU
		{7542CD11-294A-4D46-9795-56357B72383B}.Release|Any CPU.Build.0 = Release|Any CPU
	EndGlobalSection
	GlobalSection(SolutionProperties) = preSolution
		HideSolutionNode = FALSE
	EndGlobalSection
	GlobalSection(ExtensibilityGlobals) = postSolution
		SolutionGuid = {9E81CFD2-58D3-4D21-ACDF-06A14992006C}
	EndGlobalSection
EndGlobal
